
Microsoft Visual Studio Solution File, Format Version 12.00
# Visual Studio 2015
Project("{FAE04EC0-301F-11D3-BF4B-00C04F79EFBC}") = "BMS Dropper.Plugins", "BMS Dropper.Plugins.csproj", "{FEFDE62F-97A6-A980-1585-DA6AC26A8B13}"
EndProject
Project("{FAE04EC0-301F-11D3-BF4B-00C04F79EFBC}") = "BMS Dropper", "BMS Dropper.csproj", "{E826FB5A-8DEE-96D5-83D4-977111906226}"
EndProject
Global
	GlobalSection(SolutionConfigurationPlatforms) = preSolution
		Debug|Any CPU = Debug|Any CPU
		Release|Any CPU = Release|Any CPU
	EndGlobalSection
	GlobalSection(ProjectConfigurationPlatforms) = postSolution
		{FEFDE62F-97A6-A980-1585-DA6AC26A8B13}.Debug|Any CPU.ActiveCfg = Debug|Any CPU
		{FEFDE62F-97A6-A980-1585-DA6AC26A8B13}.Debug|Any CPU.Build.0 = Debug|Any CPU
		{FEFDE62F-97A6-A980-1585-DA6AC26A8B13}.Release|Any CPU.ActiveCfg = Release|Any CPU
		{FEFDE62F-97A6-A980-1585-DA6AC26A8B13}.Release|Any CPU.Build.0 = Release|Any CPU
		{E826FB5A-8DEE-96D5-83D4-977111906226}.Debug|Any CPU.ActiveCfg = Debug|Any CPU
		{E826FB5A-8DEE-96D5-83D4-977111906226}.Debug|Any CPU.Build.0 = Debug|Any CPU
		{E826FB5A-8DEE-96D5-83D4-977111906226}.Release|Any CPU.ActiveCfg = Release|Any CPU
		{E826FB5A-8DEE-96D5-83D4-977111906226}.Release|Any CPU.Build.0 = Release|Any CPU
	EndGlobalSection
	GlobalSection(SolutionProperties) = preSolution
		HideSolutionNode = FALSE
	EndGlobalSection
EndGlobal
